
Microsoft Visual Studio Solution File, Format Version 12.00
# Visual Studio Express 15 for Windows Desktop
VisualStudioVersion = 15.0.28307.852
MinimumVisualStudioVersion = 10.0.40219.1
Project("{8BC9CEB8-8B4A-11D0-8D11-00A0C91BC942}") = "RdpThief", "RdpThief\RdpThief.vcxproj", "{BEBE6A01-0C03-4A7C-8FE9-9285F01C0B03}"
EndProject
Global
	GlobalSection(SolutionConfigurationPlatforms) = preSolution
		Debug|x64 = Debug|x64
		Debug|x86 = Debug|x86
		Release|x64 = Release|x64
		Release|x86 = Release|x86
	EndGlobalSection
	GlobalSection(ProjectConfigurationPlatforms) = postSolution
		{BEBE6A01-0C03-4A7C-8FE9-9285F01C0B03}.Debug|x64.ActiveCfg = Debug|x64
		{BEBE6A01-0C03-4A7C-8FE9-9285F01C0B03}.Debug|x64.Build.0 = Debug|x64
		{BEBE6A01-0C03-4A7C-8FE9-9285F01C0B03}.Debug|x86.ActiveCfg = Debug|Win32
		{BEBE6A01-0C03-4A7C-8FE9-9285F01C0B03}.Debug|x86.Build.0 = Debug|Win32
		{BEBE6A01-0C03-4A7C-8FE9-9285F01C0B03}.Release|x64.ActiveCfg = Release|x64
		{BEBE6A01-0C03-4A7C-8FE9-9285F01C0B03}.Release|x64.Build.0 = Release|x64
		{BEBE6A01-0C03-4A7C-8FE9-9285F01C0B03}.Release|x86.ActiveCfg = Release|Win32
		{BEBE6A01-0C03-4A7C-8FE9-9285F01C0B03}.Release|x86.Build.0 = Release|Win32
	EndGlobalSection
	GlobalSection(SolutionProperties) = preSolution
		HideSolutionNode = FALSE
	EndGlobalSection
	GlobalSection(ExtensibilityGlobals) = postSolution
		SolutionGuid = {7713DA8B-D96A-45C8-9C52-AE39CBAB6403}
	EndGlobalSection
EndGlobal
